
Microsoft Visual Studio Solution File, Format Version 12.00
# Visual Studio Version 17
VisualStudioVersion = 17.11.35222.181
MinimumVisualStudioVersion = 10.0.40219.1
Project("{8BC9CEB8-8B4A-11D0-8D11-00A0C91BC942}") = "lab2_and_3", "lab2_and_3\lab2_and_3.vcxproj", "{186EAF59-715F-4EE1-B38F-BC87DD607CA7}"
EndProject
Global
	GlobalSection(SolutionConfigurationPlatforms) = preSolution
		Debug|x64 = Debug|x64
		Debug|x86 = Debug|x86
		Release|x64 = Release|x64
		Release|x86 = Release|x86
	EndGlobalSection
	GlobalSection(ProjectConfigurationPlatforms) = postSolution
		{186EAF59-715F-4EE1-B38F-BC87DD607CA7}.Debug|x64.ActiveCfg = Debug|x64
		{186EAF59-715F-4EE1-B38F-BC87DD607CA7}.Debug|x64.Build.0 = Debug|x64
		{186EAF59-715F-4EE1-B38F-BC87DD607CA7}.Debug|x86.ActiveCfg = Debug|Win32
		{186EAF59-715F-4EE1-B38F-BC87DD607CA7}.Debug|x86.Build.0 = Debug|Win32
		{186EAF59-715F-4EE1-B38F-BC87DD607CA7}.Release|x64.ActiveCfg = Release|x64
		{186EAF59-715F-4EE1-B38F-BC87DD607CA7}.Release|x64.Build.0 = Release|x64
		{186EAF59-715F-4EE1-B38F-BC87DD607CA7}.Release|x86.ActiveCfg = Release|Win32
		{186EAF59-715F-4EE1-B38F-BC87DD607CA7}.Release|x86.Build.0 = Release|Win32
	EndGlobalSection
	GlobalSection(SolutionProperties) = preSolution
		HideSolutionNode = FALSE
	EndGlobalSection
	GlobalSection(ExtensibilityGlobals) = postSolution
		SolutionGuid = {7C8B66CF-0A29-4B44-A6A5-308952FA09FB}
	EndGlobalSection
EndGlobal
